{
  "version": 4,
  "terraform_version": "0.12.12",
  "serial": 14,
  "lineage": "a2a55976-f9e4-f092-625b-ffdb6bfe35e2",
  "outputs": {},
  "resources": [
    {
      "module": "module.asis",
      "mode": "managed",
      "type": "azurerm_linux_virtual_machine_scale_set",
      "name": "scale-set",
      "provider": "provider.azurerm",
      "instances": [
        {
          "schema_version": 0,
          "attributes": {
            "additional_capabilities": [],
            "admin_password": null,
            "admin_ssh_key": [
              {
                "public_key": "ssh-rsa AAAAB3NzaC1yc2EAAAADAQABAAABAQC4YlyfTEBPvEKg56aT73g5EmGlac26s7/VNAce41JjKk0bJ6hgJD74EFzt16Hx8EBOhxQljlS4pptzUoEqDllcgZn7brs0tfGgvesYe5DP2QGYNpMxCko8QqZMY8bkt0Tjq2wr3046Oe7JMeoYpXMt983uSs3M6HCv6Sdx81CStD+kBK2tPXQEd0PYkvgKoM4yB/JhJkdf+nTsTcgkGp011L9rCgXXDuELY561o5MD/iUcmxuo7Y9A4wo9IoqVccTfy8CHn8PzkRjAoR6Coge2O+/025AuVvFv8H2NhTOwEzWTBHQ4TwjKioLxLMzjwlKykM7AOm5fHTMAui8Mlk9X gumic@terVM\n",
                "username": "adminuser"
              }
            ],
            "admin_username": "adminuser",
            "automatic_instance_repair": [
              {
                "enabled": false,
                "grace_period": "PT30M"
              }
            ],
            "automatic_os_upgrade_policy": [],
            "boot_diagnostics": [],
            "computer_name_prefix": "production-vmss",
            "custom_data": null,
            "data_disk": [],
            "disable_password_authentication": true,
            "do_not_run_extensions_on_overprovisioned_machines": false,
            "eviction_policy": "",
            "health_probe_id": "",
            "id": "/subscriptions/5e7f8ae1-ce94-4aab-ae66-eabf754dc63c/resourceGroups/production-resources/providers/Microsoft.Compute/virtualMachineScaleSets/production-vmss",
            "identity": [],
            "instances": 1,
            "location": "eastasia",
            "max_bid_price": -1,
            "name": "production-vmss",
            "network_interface": [
              {
                "dns_servers": null,
                "enable_accelerated_networking": false,
                "enable_ip_forwarding": false,
                "ip_configuration": [
                  {
                    "application_gateway_backend_address_pool_ids": null,
                    "application_security_group_ids": null,
                    "load_balancer_backend_address_pool_ids": null,
                    "load_balancer_inbound_nat_rules_ids": null,
                    "name": "internal",
                    "primary": true,
                    "public_ip_address": [],
                    "subnet_id": "/subscriptions/5e7f8ae1-ce94-4aab-ae66-eabf754dc63c/resourceGroups/production-resources/providers/Microsoft.Network/virtualNetworks/production-network/subnets/internal",
                    "version": "IPv4"
                  }
                ],
                "name": "example",
                "network_security_group_id": "",
                "primary": true
              }
            ],
            "os_disk": [
              {
                "caching": "ReadWrite",
                "diff_disk_settings": [],
                "disk_encryption_set_id": "",
                "disk_size_gb": 30,
                "storage_account_type": "Standard_LRS",
                "write_accelerator_enabled": false
              }
            ],
            "overprovision": true,
            "plan": [],
            "priority": "Regular",
            "provision_vm_agent": true,
            "proximity_placement_group_id": "",
            "resource_group_name": "production-resources",
            "rolling_upgrade_policy": [],
            "scale_in_policy": "Default",
            "secret": [],
            "single_placement_group": true,
            "sku": "Standard_F2",
            "source_image_id": "",
            "source_image_reference": [
              {
                "offer": "UbuntuServer",
                "publisher": "Canonical",
                "sku": "18.04-LTS",
                "version": "latest"
              }
            ],
            "tags": null,
            "terminate_notification": null,
            "timeouts": null,
            "unique_id": "8db1443c-843a-4c44-999e-c0471cf2e2b7",
            "upgrade_mode": "Manual",
            "zone_balance": false,
            "zones": null
          },
          "private": "eyJlMmJmYjczMC1lY2FhLTExZTYtOGY4OC0zNDM2M2JjN2M0YzAiOnsiY3JlYXRlIjoxODAwMDAwMDAwMDAwLCJkZWxldGUiOjE4MDAwMDAwMDAwMDAsInJlYWQiOjMwMDAwMDAwMDAwMCwidXBkYXRlIjozNjAwMDAwMDAwMDAwfX0=",
          "depends_on": [
            "azurerm_resource_group.scale-set",
            "azurerm_subnet.internal"
          ]
        }
      ]
    },
    {
      "module": "module.france",
      "mode": "managed",
      "type": "azurerm_linux_virtual_machine_scale_set",
      "name": "scale-set",
      "provider": "provider.azurerm",
      "instances": [
        {
          "schema_version": 0,
          "attributes": {
            "additional_capabilities": [],
            "admin_password": null,
            "admin_ssh_key": [
              {
                "public_key": "ssh-rsa AAAAB3NzaC1yc2EAAAADAQABAAABAQC4YlyfTEBPvEKg56aT73g5EmGlac26s7/VNAce41JjKk0bJ6hgJD74EFzt16Hx8EBOhxQljlS4pptzUoEqDllcgZn7brs0tfGgvesYe5DP2QGYNpMxCko8QqZMY8bkt0Tjq2wr3046Oe7JMeoYpXMt983uSs3M6HCv6Sdx81CStD+kBK2tPXQEd0PYkvgKoM4yB/JhJkdf+nTsTcgkGp011L9rCgXXDuELY561o5MD/iUcmxuo7Y9A4wo9IoqVccTfy8CHn8PzkRjAoR6Coge2O+/025AuVvFv8H2NhTOwEzWTBHQ4TwjKioLxLMzjwlKykM7AOm5fHTMAui8Mlk9X gumic@terVM\n",
                "username": "adminuser"
              }
            ],
            "admin_username": "adminuser",
            "automatic_instance_repair": [
              {
                "enabled": false,
                "grace_period": "PT30M"
              }
            ],
            "automatic_os_upgrade_policy": [],
            "boot_diagnostics": [],
            "computer_name_prefix": "staging-vmss",
            "custom_data": null,
            "data_disk": [],
            "disable_password_authentication": true,
            "do_not_run_extensions_on_overprovisioned_machines": false,
            "eviction_policy": "",
            "health_probe_id": "",
            "id": "/subscriptions/5e7f8ae1-ce94-4aab-ae66-eabf754dc63c/resourceGroups/staging-resources/providers/Microsoft.Compute/virtualMachineScaleSets/staging-vmss",
            "identity": [],
            "instances": 1,
            "location": "francecentral",
            "max_bid_price": -1,
            "name": "staging-vmss",
            "network_interface": [
              {
                "dns_servers": null,
                "enable_accelerated_networking": false,
                "enable_ip_forwarding": false,
                "ip_configuration": [
                  {
                    "application_gateway_backend_address_pool_ids": null,
                    "application_security_group_ids": null,
                    "load_balancer_backend_address_pool_ids": null,
                    "load_balancer_inbound_nat_rules_ids": null,
                    "name": "internal",
                    "primary": true,
                    "public_ip_address": [],
                    "subnet_id": "/subscriptions/5e7f8ae1-ce94-4aab-ae66-eabf754dc63c/resourceGroups/staging-resources/providers/Microsoft.Network/virtualNetworks/staging-network/subnets/internal",
                    "version": "IPv4"
                  }
                ],
                "name": "example",
                "network_security_group_id": "",
                "primary": true
              }
            ],
            "os_disk": [
              {
                "caching": "ReadWrite",
                "diff_disk_settings": [],
                "disk_encryption_set_id": "",
                "disk_size_gb": 30,
                "storage_account_type": "Standard_LRS",
                "write_accelerator_enabled": false
              }
            ],
            "overprovision": true,
            "plan": [],
            "priority": "Regular",
            "provision_vm_agent": true,
            "proximity_placement_group_id": "",
            "resource_group_name": "staging-resources",
            "rolling_upgrade_policy": [],
            "scale_in_policy": "Default",
            "secret": [],
            "single_placement_group": true,
            "sku": "Standard_F2",
            "source_image_id": "",
            "source_image_reference": [
              {
                "offer": "UbuntuServer",
                "publisher": "Canonical",
                "sku": "18.04-LTS",
                "version": "latest"
              }
            ],
            "tags": null,
            "terminate_notification": null,
            "timeouts": null,
            "unique_id": "f1c33683-fbe4-4318-97cd-e0b2a72c2d77",
            "upgrade_mode": "Manual",
            "zone_balance": false,
            "zones": null
          },
          "private": "eyJlMmJmYjczMC1lY2FhLTExZTYtOGY4OC0zNDM2M2JjN2M0YzAiOnsiY3JlYXRlIjoxODAwMDAwMDAwMDAwLCJkZWxldGUiOjE4MDAwMDAwMDAwMDAsInJlYWQiOjMwMDAwMDAwMDAwMCwidXBkYXRlIjozNjAwMDAwMDAwMDAwfX0=",
          "depends_on": [
            "azurerm_resource_group.scale-set",
            "azurerm_subnet.internal"
          ]
        }
      ]
    },
    {
      "module": "module.asis",
      "mode": "managed",
      "type": "azurerm_monitor_autoscale_setting",
      "name": "example",
      "provider": "provider.azurerm",
      "instances": [
        {
          "schema_version": 0,
          "attributes": {
            "enabled": true,
            "id": "/subscriptions/5e7f8ae1-ce94-4aab-ae66-eabf754dc63c/resourceGroups/production-resources/providers/microsoft.insights/autoscalesettings/myAutoscaleSetting",
            "location": "eastasia",
            "name": "myAutoscaleSetting",
            "notification": [],
            "profile": [
              {
                "capacity": [
                  {
                    "default": 1,
                    "maximum": 3,
                    "minimum": 1
                  }
                ],
                "fixed_date": [],
                "name": "InHours",
                "recurrence": [
                  {
                    "days": [
                      "Monday",
                      "Tuesday",
                      "Wednesday",
                      "Thursday",
                      "Friday",
                      "Saturday",
                      "Sunday"
                    ],
                    "hours": [
                      2
                    ],
                    "minutes": [
                      30
                    ],
                    "timezone": "GMT Standard Time"
                  }
                ],
                "rule": [
                  {
                    "metric_trigger": [
                      {
                        "metric_name": "Percentage CPU",
                        "metric_resource_id": "/subscriptions/5e7f8ae1-ce94-4aab-ae66-eabf754dc63c/resourceGroups/production-resources/providers/Microsoft.Compute/virtualMachineScaleSets/production-vmss",
                        "operator": "GreaterThan",
                        "statistic": "Average",
                        "threshold": 75,
                        "time_aggregation": "Average",
                        "time_grain": "PT1M",
                        "time_window": "PT5M"
                      }
                    ],
                    "scale_action": [
                      {
                        "cooldown": "PT1M",
                        "direction": "Increase",
                        "type": "ChangeCount",
                        "value": 1
                      }
                    ]
                  },
                  {
                    "metric_trigger": [
                      {
                        "metric_name": "Percentage CPU",
                        "metric_resource_id": "/subscriptions/5e7f8ae1-ce94-4aab-ae66-eabf754dc63c/resourceGroups/production-resources/providers/Microsoft.Compute/virtualMachineScaleSets/production-vmss",
                        "operator": "LessThan",
                        "statistic": "Average",
                        "threshold": 25,
                        "time_aggregation": "Average",
                        "time_grain": "PT1M",
                        "time_window": "PT5M"
                      }
                    ],
                    "scale_action": [
                      {
                        "cooldown": "PT1M",
                        "direction": "Decrease",
                        "type": "ChangeCount",
                        "value": 1
                      }
                    ]
                  }
                ]
              },
              {
                "capacity": [
                  {
                    "default": 0,
                    "maximum": 0,
                    "minimum": 0
                  }
                ],
                "fixed_date": [],
                "name": "OutOfHours",
                "recurrence": [
                  {
                    "days": [
                      "Monday",
                      "Tuesday",
                      "Wednesday",
                      "Thursday",
                      "Friday",
                      "Saturday",
                      "Sunday"
                    ],
                    "hours": [
                      22
                    ],
                    "minutes": [
                      30
                    ],
                    "timezone": "GMT Standard Time"
                  }
                ],
                "rule": [
                  {
                    "metric_trigger": [
                      {
                        "metric_name": "Percentage CPU",
                        "metric_resource_id": "/subscriptions/5e7f8ae1-ce94-4aab-ae66-eabf754dc63c/resourceGroups/production-resources/providers/Microsoft.Compute/virtualMachineScaleSets/production-vmss",
                        "operator": "GreaterThan",
                        "statistic": "Average",
                        "threshold": 75,
                        "time_aggregation": "Average",
                        "time_grain": "PT1M",
                        "time_window": "PT5M"
                      }
                    ],
                    "scale_action": [
                      {
                        "cooldown": "PT1M",
                        "direction": "Increase",
                        "type": "ChangeCount",
                        "value": 1
                      }
                    ]
                  }
                ]
              }
            ],
            "resource_group_name": "production-resources",
            "tags": null,
            "target_resource_id": "/subscriptions/5e7f8ae1-ce94-4aab-ae66-eabf754dc63c/resourceGroups/production-resources/providers/Microsoft.Compute/virtualMachineScaleSets/production-vmss",
            "timeouts": null
          },
          "private": "eyJlMmJmYjczMC1lY2FhLTExZTYtOGY4OC0zNDM2M2JjN2M0YzAiOnsiY3JlYXRlIjoxODAwMDAwMDAwMDAwLCJkZWxldGUiOjE4MDAwMDAwMDAwMDAsInJlYWQiOjMwMDAwMDAwMDAwMCwidXBkYXRlIjoxODAwMDAwMDAwMDAwfX0=",
          "depends_on": [
            "azurerm_linux_virtual_machine_scale_set.scale-set",
            "azurerm_resource_group.scale-set"
          ]
        }
      ]
    },
    {
      "module": "module.france",
      "mode": "managed",
      "type": "azurerm_monitor_autoscale_setting",
      "name": "example",
      "provider": "provider.azurerm",
      "instances": [
        {
          "schema_version": 0,
          "attributes": {
            "enabled": true,
            "id": "/subscriptions/5e7f8ae1-ce94-4aab-ae66-eabf754dc63c/resourceGroups/staging-resources/providers/microsoft.insights/autoscalesettings/myAutoscaleSetting",
            "location": "francecentral",
            "name": "myAutoscaleSetting",
            "notification": [],
            "profile": [
              {
                "capacity": [
                  {
                    "default": 1,
                    "maximum": 3,
                    "minimum": 1
                  }
                ],
                "fixed_date": [],
                "name": "InHours",
                "recurrence": [
                  {
                    "days": [
                      "Monday",
                      "Tuesday",
                      "Wednesday",
                      "Thursday",
                      "Friday",
                      "Saturday",
                      "Sunday"
                    ],
                    "hours": [
                      2
                    ],
                    "minutes": [
                      30
                    ],
                    "timezone": "GMT Standard Time"
                  }
                ],
                "rule": [
                  {
                    "metric_trigger": [
                      {
                        "metric_name": "Percentage CPU",
                        "metric_resource_id": "/subscriptions/5e7f8ae1-ce94-4aab-ae66-eabf754dc63c/resourceGroups/staging-resources/providers/Microsoft.Compute/virtualMachineScaleSets/staging-vmss",
                        "operator": "GreaterThan",
                        "statistic": "Average",
                        "threshold": 75,
                        "time_aggregation": "Average",
                        "time_grain": "PT1M",
                        "time_window": "PT5M"
                      }
                    ],
                    "scale_action": [
                      {
                        "cooldown": "PT1M",
                        "direction": "Increase",
                        "type": "ChangeCount",
                        "value": 1
                      }
                    ]
                  },
                  {
                    "metric_trigger": [
                      {
                        "metric_name": "Percentage CPU",
                        "metric_resource_id": "/subscriptions/5e7f8ae1-ce94-4aab-ae66-eabf754dc63c/resourceGroups/staging-resources/providers/Microsoft.Compute/virtualMachineScaleSets/staging-vmss",
                        "operator": "LessThan",
                        "statistic": "Average",
                        "threshold": 25,
                        "time_aggregation": "Average",
                        "time_grain": "PT1M",
                        "time_window": "PT5M"
                      }
                    ],
                    "scale_action": [
                      {
                        "cooldown": "PT1M",
                        "direction": "Decrease",
                        "type": "ChangeCount",
                        "value": 1
                      }
                    ]
                  }
                ]
              },
              {
                "capacity": [
                  {
                    "default": 0,
                    "maximum": 0,
                    "minimum": 0
                  }
                ],
                "fixed_date": [],
                "name": "OutOfHours",
                "recurrence": [
                  {
                    "days": [
                      "Monday",
                      "Tuesday",
                      "Wednesday",
                      "Thursday",
                      "Friday",
                      "Saturday",
                      "Sunday"
                    ],
                    "hours": [
                      22
                    ],
                    "minutes": [
                      30
                    ],
                    "timezone": "GMT Standard Time"
                  }
                ],
                "rule": [
                  {
                    "metric_trigger": [
                      {
                        "metric_name": "Percentage CPU",
                        "metric_resource_id": "/subscriptions/5e7f8ae1-ce94-4aab-ae66-eabf754dc63c/resourceGroups/staging-resources/providers/Microsoft.Compute/virtualMachineScaleSets/staging-vmss",
                        "operator": "GreaterThan",
                        "statistic": "Average",
                        "threshold": 75,
                        "time_aggregation": "Average",
                        "time_grain": "PT1M",
                        "time_window": "PT5M"
                      }
                    ],
                    "scale_action": [
                      {
                        "cooldown": "PT1M",
                        "direction": "Increase",
                        "type": "ChangeCount",
                        "value": 1
                      }
                    ]
                  }
                ]
              }
            ],
            "resource_group_name": "staging-resources",
            "tags": null,
            "target_resource_id": "/subscriptions/5e7f8ae1-ce94-4aab-ae66-eabf754dc63c/resourceGroups/staging-resources/providers/Microsoft.Compute/virtualMachineScaleSets/staging-vmss",
            "timeouts": null
          },
          "private": "eyJlMmJmYjczMC1lY2FhLTExZTYtOGY4OC0zNDM2M2JjN2M0YzAiOnsiY3JlYXRlIjoxODAwMDAwMDAwMDAwLCJkZWxldGUiOjE4MDAwMDAwMDAwMDAsInJlYWQiOjMwMDAwMDAwMDAwMCwidXBkYXRlIjoxODAwMDAwMDAwMDAwfX0=",
          "depends_on": [
            "azurerm_linux_virtual_machine_scale_set.scale-set",
            "azurerm_resource_group.scale-set"
          ]
        }
      ]
    },
    {
      "module": "module.uk",
      "mode": "managed",
      "type": "azurerm_monitor_autoscale_setting",
      "name": "example",
      "provider": "provider.azurerm",
      "instances": []
    },
    {
      "module": "module.asis",
      "mode": "managed",
      "type": "azurerm_resource_group",
      "name": "scale-set",
      "provider": "provider.azurerm",
      "instances": [
        {
          "schema_version": 0,
          "attributes": {
            "id": "/subscriptions/5e7f8ae1-ce94-4aab-ae66-eabf754dc63c/resourceGroups/production-resources",
            "location": "eastasia",
            "name": "production-resources",
            "tags": null,
            "timeouts": null
          },
          "private": "eyJlMmJmYjczMC1lY2FhLTExZTYtOGY4OC0zNDM2M2JjN2M0YzAiOnsiY3JlYXRlIjo1NDAwMDAwMDAwMDAwLCJkZWxldGUiOjU0MDAwMDAwMDAwMDAsInJlYWQiOjMwMDAwMDAwMDAwMCwidXBkYXRlIjo1NDAwMDAwMDAwMDAwfX0="
        }
      ]
    },
    {
      "module": "module.france",
      "mode": "managed",
      "type": "azurerm_resource_group",
      "name": "scale-set",
      "provider": "provider.azurerm",
      "instances": [
        {
          "schema_version": 0,
          "attributes": {
            "id": "/subscriptions/5e7f8ae1-ce94-4aab-ae66-eabf754dc63c/resourceGroups/staging-resources",
            "location": "francecentral",
            "name": "staging-resources",
            "tags": null,
            "timeouts": null
          },
          "private": "eyJlMmJmYjczMC1lY2FhLTExZTYtOGY4OC0zNDM2M2JjN2M0YzAiOnsiY3JlYXRlIjo1NDAwMDAwMDAwMDAwLCJkZWxldGUiOjU0MDAwMDAwMDAwMDAsInJlYWQiOjMwMDAwMDAwMDAwMCwidXBkYXRlIjo1NDAwMDAwMDAwMDAwfX0="
        }
      ]
    },
    {
      "module": "module.uk",
      "mode": "managed",
      "type": "azurerm_resource_group",
      "name": "scale-set",
      "provider": "provider.azurerm",
      "instances": [
        {
          "schema_version": 0,
          "attributes": {
            "id": "/subscriptions/5e7f8ae1-ce94-4aab-ae66-eabf754dc63c/resourceGroups/development-resources",
            "location": "uksouth",
            "name": "development-resources",
            "tags": null,
            "timeouts": null
          },
          "private": "eyJlMmJmYjczMC1lY2FhLTExZTYtOGY4OC0zNDM2M2JjN2M0YzAiOnsiY3JlYXRlIjo1NDAwMDAwMDAwMDAwLCJkZWxldGUiOjU0MDAwMDAwMDAwMDAsInJlYWQiOjMwMDAwMDAwMDAwMCwidXBkYXRlIjo1NDAwMDAwMDAwMDAwfX0="
        }
      ]
    },
    {
      "module": "module.asis",
      "mode": "managed",
      "type": "azurerm_subnet",
      "name": "internal",
      "provider": "provider.azurerm",
      "instances": [
        {
          "schema_version": 0,
          "attributes": {
            "address_prefix": "10.0.2.0/24",
            "address_prefixes": [
              "10.0.2.0/24"
            ],
            "delegation": [],
            "enforce_private_link_endpoint_network_policies": false,
            "enforce_private_link_service_network_policies": false,
            "id": "/subscriptions/5e7f8ae1-ce94-4aab-ae66-eabf754dc63c/resourceGroups/production-resources/providers/Microsoft.Network/virtualNetworks/production-network/subnets/internal",
            "name": "internal",
            "resource_group_name": "production-resources",
            "service_endpoints": null,
            "timeouts": null,
            "virtual_network_name": "production-network"
          },
          "private": "eyJlMmJmYjczMC1lY2FhLTExZTYtOGY4OC0zNDM2M2JjN2M0YzAiOnsiY3JlYXRlIjoxODAwMDAwMDAwMDAwLCJkZWxldGUiOjE4MDAwMDAwMDAwMDAsInJlYWQiOjMwMDAwMDAwMDAwMCwidXBkYXRlIjoxODAwMDAwMDAwMDAwfX0=",
          "depends_on": [
            "azurerm_resource_group.scale-set",
            "azurerm_virtual_network.scale-set"
          ]
        }
      ]
    },
    {
      "module": "module.france",
      "mode": "managed",
      "type": "azurerm_subnet",
      "name": "internal",
      "provider": "provider.azurerm",
      "instances": [
        {
          "schema_version": 0,
          "attributes": {
            "address_prefix": "10.0.2.0/24",
            "address_prefixes": [
              "10.0.2.0/24"
            ],
            "delegation": [],
            "enforce_private_link_endpoint_network_policies": false,
            "enforce_private_link_service_network_policies": false,
            "id": "/subscriptions/5e7f8ae1-ce94-4aab-ae66-eabf754dc63c/resourceGroups/staging-resources/providers/Microsoft.Network/virtualNetworks/staging-network/subnets/internal",
            "name": "internal",
            "resource_group_name": "staging-resources",
            "service_endpoints": null,
            "timeouts": null,
            "virtual_network_name": "staging-network"
          },
          "private": "eyJlMmJmYjczMC1lY2FhLTExZTYtOGY4OC0zNDM2M2JjN2M0YzAiOnsiY3JlYXRlIjoxODAwMDAwMDAwMDAwLCJkZWxldGUiOjE4MDAwMDAwMDAwMDAsInJlYWQiOjMwMDAwMDAwMDAwMCwidXBkYXRlIjoxODAwMDAwMDAwMDAwfX0=",
          "depends_on": [
            "azurerm_resource_group.scale-set",
            "azurerm_virtual_network.scale-set"
          ]
        }
      ]
    },
    {
      "module": "module.uk",
      "mode": "managed",
      "type": "azurerm_subnet",
      "name": "internal",
      "provider": "provider.azurerm",
      "instances": [
        {
          "schema_version": 0,
          "attributes": {
            "address_prefix": "10.0.2.0/24",
            "address_prefixes": [
              "10.0.2.0/24"
            ],
            "delegation": [],
            "enforce_private_link_endpoint_network_policies": false,
            "enforce_private_link_service_network_policies": false,
            "id": "/subscriptions/5e7f8ae1-ce94-4aab-ae66-eabf754dc63c/resourceGroups/development-resources/providers/Microsoft.Network/virtualNetworks/development-network/subnets/internal",
            "name": "internal",
            "resource_group_name": "development-resources",
            "service_endpoints": null,
            "timeouts": null,
            "virtual_network_name": "development-network"
          },
          "private": "eyJlMmJmYjczMC1lY2FhLTExZTYtOGY4OC0zNDM2M2JjN2M0YzAiOnsiY3JlYXRlIjoxODAwMDAwMDAwMDAwLCJkZWxldGUiOjE4MDAwMDAwMDAwMDAsInJlYWQiOjMwMDAwMDAwMDAwMCwidXBkYXRlIjoxODAwMDAwMDAwMDAwfX0=",
          "depends_on": [
            "azurerm_resource_group.scale-set",
            "azurerm_virtual_network.scale-set"
          ]
        }
      ]
    },
    {
      "module": "module.asis",
      "mode": "managed",
      "type": "azurerm_virtual_network",
      "name": "scale-set",
      "provider": "provider.azurerm",
      "instances": [
        {
          "schema_version": 0,
          "attributes": {
            "address_space": [
              "10.0.0.0/16"
            ],
            "ddos_protection_plan": [],
            "dns_servers": null,
            "guid": "2b153dd1-d6dd-4adb-aad0-8af417177ad9",
            "id": "/subscriptions/5e7f8ae1-ce94-4aab-ae66-eabf754dc63c/resourceGroups/production-resources/providers/Microsoft.Network/virtualNetworks/production-network",
            "location": "eastasia",
            "name": "production-network",
            "resource_group_name": "production-resources",
            "subnet": [],
            "tags": null,
            "timeouts": null
          },
          "private": "eyJlMmJmYjczMC1lY2FhLTExZTYtOGY4OC0zNDM2M2JjN2M0YzAiOnsiY3JlYXRlIjoxODAwMDAwMDAwMDAwLCJkZWxldGUiOjE4MDAwMDAwMDAwMDAsInJlYWQiOjMwMDAwMDAwMDAwMCwidXBkYXRlIjoxODAwMDAwMDAwMDAwfX0=",
          "depends_on": [
            "azurerm_resource_group.scale-set"
          ]
        }
      ]
    },
    {
      "module": "module.france",
      "mode": "managed",
      "type": "azurerm_virtual_network",
      "name": "scale-set",
      "provider": "provider.azurerm",
      "instances": [
        {
          "schema_version": 0,
          "attributes": {
            "address_space": [
              "10.0.0.0/16"
            ],
            "ddos_protection_plan": [],
            "dns_servers": null,
            "guid": "99f354ef-0047-4115-9280-6760fddf3b0a",
            "id": "/subscriptions/5e7f8ae1-ce94-4aab-ae66-eabf754dc63c/resourceGroups/staging-resources/providers/Microsoft.Network/virtualNetworks/staging-network",
            "location": "francecentral",
            "name": "staging-network",
            "resource_group_name": "staging-resources",
            "subnet": [],
            "tags": null,
            "timeouts": null
          },
          "private": "eyJlMmJmYjczMC1lY2FhLTExZTYtOGY4OC0zNDM2M2JjN2M0YzAiOnsiY3JlYXRlIjoxODAwMDAwMDAwMDAwLCJkZWxldGUiOjE4MDAwMDAwMDAwMDAsInJlYWQiOjMwMDAwMDAwMDAwMCwidXBkYXRlIjoxODAwMDAwMDAwMDAwfX0=",
          "depends_on": [
            "azurerm_resource_group.scale-set"
          ]
        }
      ]
    },
    {
      "module": "module.uk",
      "mode": "managed",
      "type": "azurerm_virtual_network",
      "name": "scale-set",
      "provider": "provider.azurerm",
      "instances": [
        {
          "schema_version": 0,
          "attributes": {
            "address_space": [
              "10.0.0.0/16"
            ],
            "ddos_protection_plan": [],
            "dns_servers": null,
            "guid": "a2518cc7-fab7-40fc-a70d-579ab9512209",
            "id": "/subscriptions/5e7f8ae1-ce94-4aab-ae66-eabf754dc63c/resourceGroups/development-resources/providers/Microsoft.Network/virtualNetworks/development-network",
            "location": "uksouth",
            "name": "development-network",
            "resource_group_name": "development-resources",
            "subnet": [],
            "tags": null,
            "timeouts": null
          },
          "private": "eyJlMmJmYjczMC1lY2FhLTExZTYtOGY4OC0zNDM2M2JjN2M0YzAiOnsiY3JlYXRlIjoxODAwMDAwMDAwMDAwLCJkZWxldGUiOjE4MDAwMDAwMDAwMDAsInJlYWQiOjMwMDAwMDAwMDAwMCwidXBkYXRlIjoxODAwMDAwMDAwMDAwfX0=",
          "depends_on": [
            "azurerm_resource_group.scale-set"
          ]
        }
      ]
    }
  ]
}
